{
  "name": "observable_new",
  "version": "1.0.0",
  "lockfileVersion": 1,
  "requires": true,
  "dependencies": {
    "rxjs": {
      "version": "6.0.0-beta.4",
      "resolved": "https://registry.npmjs.org/rxjs/-/rxjs-6.0.0-beta.4.tgz",
      "integrity": "sha512-H+ghJ4H2mPrugoMfgbeky0yhmOrk4y0ykRyZpYvU2za0VbE2WTKgY/9pF7HJCogPFNIyI4GqI9Ujk3Xr4XxHbQ==",
      "requires": {
        "tslib": "1.9.0"
      }
    },
    "tslib": {
      "version": "1.9.0",
      "resolved": "https://registry.npmjs.org/tslib/-/tslib-1.9.0.tgz",
      "integrity": "sha512-f/qGG2tUkrISBlQZEjEqoZ3B2+npJjIf04H1wuAv9iA8i04Icp+61KRXxFdha22670NJopsZCIjhC3SnjPRKrQ=="
    }
  }
}
